
Microsoft Visual Studio Solution File, Format Version 12.00
# Visual Studio 2012
Project("{8BC9CEB8-8B4A-11D0-8D11-00A0C91BC942}") = "ARApplication", "ARApplication\ARApplication.vcxproj", "{BCCCBAC0-11DF-4879-96CA-0B8B5B546752}"
EndProject
Global
	GlobalSection(SolutionConfigurationPlatforms) = preSolution
		Debug|Win32 = Debug|Win32
		Release|Win32 = Release|Win32
	EndGlobalSection
	GlobalSection(ProjectConfigurationPlatforms) = postSolution
		{BCCCBAC0-11DF-4879-96CA-0B8B5B546752}.Debug|Win32.ActiveCfg = Debug|Win32
		{BCCCBAC0-11DF-4879-96CA-0B8B5B546752}.Debug|Win32.Build.0 = Debug|Win32
		{BCCCBAC0-11DF-4879-96CA-0B8B5B546752}.Release|Win32.ActiveCfg = Release|Win32
		{BCCCBAC0-11DF-4879-96CA-0B8B5B546752}.Release|Win32.Build.0 = Release|Win32
	EndGlobalSection
	GlobalSection(SolutionProperties) = preSolution
		HideSolutionNode = FALSE
	EndGlobalSection
EndGlobal
